// !$*UTF8*$!
{
	archiveVersion = 1;
	classes = {
	};
	objectVersion = 56;
	objects = {

/* Begin PBXBuildFile section */
		A406919729DC3BB900419916 /* StreamManager.swift in Sources */ = {isa = PBXBuildFile; fileRef = A406919629DC3BB900419916 /* StreamManager.swift */; };
		A406919929DC57EA00419916 /* InternetConnectionChecker.swift in Sources */ = {isa = PBXBuildFile; fileRef = A406919829DC57EA00419916 /* InternetConnectionChecker.swift */; };
		A4075E0829CC4BA0007D3B5F /* AudioManager.swift in Sources */ = {isa = PBXBuildFile; fileRef = A4075E0729CC4BA0007D3B5F /* AudioManager.swift */; };
		A415732F29C0C0B400E51DE0 /* AvatarImageView.swift in Sources */ = {isa = PBXBuildFile; fileRef = A415732E29C0C0B300E51DE0 /* AvatarImageView.swift */; };
		A415733129C0E00800E51DE0 /* ScrollViewWrapper.swift in Sources */ = {isa = PBXBuildFile; fileRef = A415733029C0E00800E51DE0 /* ScrollViewWrapper.swift */; };
		A415733529C1FDB400E51DE0 /* ArtistModelData.swift in Sources */ = {isa = PBXBuildFile; fileRef = A415733429C1FDB400E51DE0 /* ArtistModelData.swift */; };
		A415733829C2017100E51DE0 /* PostRow.swift in Sources */ = {isa = PBXBuildFile; fileRef = A415733729C2017100E51DE0 /* PostRow.swift */; };
		A415733A29C23A3D00E51DE0 /* PostList.swift in Sources */ = {isa = PBXBuildFile; fileRef = A415733929C23A3D00E51DE0 /* PostList.swift */; };
		A415733C29C23D6000E51DE0 /* PostDetail.swift in Sources */ = {isa = PBXBuildFile; fileRef = A415733B29C23D6000E51DE0 /* PostDetail.swift */; };
		A415734229C623B400E51DE0 /* ReleaseHome.swift in Sources */ = {isa = PBXBuildFile; fileRef = A415734129C623B400E51DE0 /* ReleaseHome.swift */; };
		A415734429C62C1E00E51DE0 /* ReleaseRow.swift in Sources */ = {isa = PBXBuildFile; fileRef = A415734329C62C1E00E51DE0 /* ReleaseRow.swift */; };
		A415734629C7575600E51DE0 /* ReleaseItem.swift in Sources */ = {isa = PBXBuildFile; fileRef = A415734529C7575600E51DE0 /* ReleaseItem.swift */; };
		A415734829C840B700E51DE0 /* ReleaseDetail.swift in Sources */ = {isa = PBXBuildFile; fileRef = A415734729C840B700E51DE0 /* ReleaseDetail.swift */; };
		A415734A29C8443100E51DE0 /* TrackRow.swift in Sources */ = {isa = PBXBuildFile; fileRef = A415734929C8443100E51DE0 /* TrackRow.swift */; };
		A415734D29C85D1100E51DE0 /* FieldSeparator.swift in Sources */ = {isa = PBXBuildFile; fileRef = A415734C29C85D1100E51DE0 /* FieldSeparator.swift */; };
		A415B98829E2EBDE00892364 /* Artist.xcdatamodeld in Sources */ = {isa = PBXBuildFile; fileRef = A415B98629E2EBDE00892364 /* Artist.xcdatamodeld */; };
		A42000EE29F18435004BF854 /* artistsData003.json in Resources */ = {isa = PBXBuildFile; fileRef = A42000ED29F18435004BF854 /* artistsData003.json */; };
		A4250E7E29DF3B0C002927A8 /* TrackDownloader.swift in Sources */ = {isa = PBXBuildFile; fileRef = A4250E7D29DF3B0C002927A8 /* TrackDownloader.swift */; };
		A4ABB4FB29E443790010EC5A /* Persistence.swift in Sources */ = {isa = PBXBuildFile; fileRef = A4ABB4FA29E443790010EC5A /* Persistence.swift */; };
		A4ABB4FF29E5AB060010EC5A /* artistsData002.json in Resources */ = {isa = PBXBuildFile; fileRef = A4ABB4FE29E5AB060010EC5A /* artistsData002.json */; };
		A4ABB50329E71A720010EC5A /* CoreDataManager.swift in Sources */ = {isa = PBXBuildFile; fileRef = A4ABB50229E71A720010EC5A /* CoreDataManager.swift */; };
		A4AC004029D5F49300450ACE /* AudioPlayerPlayButton.swift in Sources */ = {isa = PBXBuildFile; fileRef = A4AC003F29D5F49300450ACE /* AudioPlayerPlayButton.swift */; };
		A4B6260D29B76B7E00BCD739 /* ArtistApp.swift in Sources */ = {isa = PBXBuildFile; fileRef = A4B6260C29B76B7E00BCD739 /* ArtistApp.swift */; };
		A4B6260F29B76B7E00BCD739 /* ContentView.swift in Sources */ = {isa = PBXBuildFile; fileRef = A4B6260E29B76B7E00BCD739 /* ContentView.swift */; };
		A4B6261129B76B8000BCD739 /* Assets.xcassets in Resources */ = {isa = PBXBuildFile; fileRef = A4B6261029B76B8000BCD739 /* Assets.xcassets */; };
		A4B6261429B76B8000BCD739 /* Preview Assets.xcassets in Resources */ = {isa = PBXBuildFile; fileRef = A4B6261329B76B8000BCD739 /* Preview Assets.xcassets */; };
		A4B6261B29B76D9400BCD739 /* Helvetica.ttc in Resources */ = {isa = PBXBuildFile; fileRef = A4B6261A29B76D9400BCD739 /* Helvetica.ttc */; };
		A4B6261F29B770AA00BCD739 /* Fonts.swift in Sources */ = {isa = PBXBuildFile; fileRef = A4B6261E29B770AA00BCD739 /* Fonts.swift */; };
		A4B6262129B77B3000BCD739 /* Colors.swift in Sources */ = {isa = PBXBuildFile; fileRef = A4B6262029B77B3000BCD739 /* Colors.swift */; };
		A4B6262329B7815000BCD739 /* WelcomeView.swift in Sources */ = {isa = PBXBuildFile; fileRef = A4B6262229B7815000BCD739 /* WelcomeView.swift */; };
		A4B6262829B7B07600BCD739 /* SignInView.swift in Sources */ = {isa = PBXBuildFile; fileRef = A4B6262729B7B07600BCD739 /* SignInView.swift */; };
		A4B6262A29B7B0D500BCD739 /* LoginView.swift in Sources */ = {isa = PBXBuildFile; fileRef = A4B6262929B7B0D500BCD739 /* LoginView.swift */; };
		A4B6262C29B7B11D00BCD739 /* OnboardingView.swift in Sources */ = {isa = PBXBuildFile; fileRef = A4B6262B29B7B11D00BCD739 /* OnboardingView.swift */; };
		A4B6262E29B9F18500BCD739 /* TextFielder.swift in Sources */ = {isa = PBXBuildFile; fileRef = A4B6262D29B9F18500BCD739 /* TextFielder.swift */; };
		A4B6263229BA158C00BCD739 /* toDo.rtf in Resources */ = {isa = PBXBuildFile; fileRef = A4B6263129BA158C00BCD739 /* toDo.rtf */; };
		A4B6263429BA568600BCD739 /* ArtistView.swift in Sources */ = {isa = PBXBuildFile; fileRef = A4B6263329BA568600BCD739 /* ArtistView.swift */; };
		A4B6263629BB325F00BCD739 /* StatsView.swift in Sources */ = {isa = PBXBuildFile; fileRef = A4B6263529BB325F00BCD739 /* StatsView.swift */; };
		A4B6263829BB32AB00BCD739 /* EditView.swift in Sources */ = {isa = PBXBuildFile; fileRef = A4B6263729BB32AB00BCD739 /* EditView.swift */; };
		A4B6263D29BB3FE300BCD739 /* StringExtention.swift in Sources */ = {isa = PBXBuildFile; fileRef = A4B6263C29BB3FE300BCD739 /* StringExtention.swift */; };
		A4B6263E29BB405800BCD739 /* Localizable.strings in Resources */ = {isa = PBXBuildFile; fileRef = A4B6264029BB405800BCD739 /* Localizable.strings */; };
		A4B6264429BB430100BCD739 /* InfoPlist.strings in Resources */ = {isa = PBXBuildFile; fileRef = A4B6264629BB430100BCD739 /* InfoPlist.strings */; };
		A4B6264F29BCD3EB00BCD739 /* KeychainAccess in Frameworks */ = {isa = PBXBuildFile; productRef = A4B6264E29BCD3EB00BCD739 /* KeychainAccess */; };
		A4C15A4E29CAD74F00914568 /* Profile.swift in Sources */ = {isa = PBXBuildFile; fileRef = A4C15A4D29CAD74F00914568 /* Profile.swift */; };
		A4C15A5129CAD80400914568 /* ProfileHost.swift in Sources */ = {isa = PBXBuildFile; fileRef = A4C15A5029CAD80400914568 /* ProfileHost.swift */; };
		A4C15A5429CAD90D00914568 /* ProfileSummary.swift in Sources */ = {isa = PBXBuildFile; fileRef = A4C15A5329CAD90D00914568 /* ProfileSummary.swift */; };
		A4C15A5629CAE05A00914568 /* ProfileButton.swift in Sources */ = {isa = PBXBuildFile; fileRef = A4C15A5529CAE05A00914568 /* ProfileButton.swift */; };
		A4C15A5829CB138300914568 /* ProfileEditor.swift in Sources */ = {isa = PBXBuildFile; fileRef = A4C15A5729CB138300914568 /* ProfileEditor.swift */; };
		A4C15A5A29CB4AC700914568 /* AudioPlayerView.swift in Sources */ = {isa = PBXBuildFile; fileRef = A4C15A5929CB4AC700914568 /* AudioPlayerView.swift */; };
		A4CBA30029CA052600DC5CBD /* AdaptsToKeyboard.swift in Sources */ = {isa = PBXBuildFile; fileRef = A4CBA2FF29CA052600DC5CBD /* AdaptsToKeyboard.swift */; };
		A4CBA30329CA126000DC5CBD /* SigninGreeting.swift in Sources */ = {isa = PBXBuildFile; fileRef = A4CBA30229CA126000DC5CBD /* SigninGreeting.swift */; };
		A4F52E0E29F1305700479075 /* Track+CoreDataClass.swift in Sources */ = {isa = PBXBuildFile; fileRef = A4F52E0629F1305700479075 /* Track+CoreDataClass.swift */; };
		A4F52E0F29F1305700479075 /* Track+CoreDataProperties.swift in Sources */ = {isa = PBXBuildFile; fileRef = A4F52E0729F1305700479075 /* Track+CoreDataProperties.swift */; };
		A4F52E1029F1305700479075 /* Post+CoreDataClass.swift in Sources */ = {isa = PBXBuildFile; fileRef = A4F52E0829F1305700479075 /* Post+CoreDataClass.swift */; };
		A4F52E1129F1305700479075 /* Post+CoreDataProperties.swift in Sources */ = {isa = PBXBuildFile; fileRef = A4F52E0929F1305700479075 /* Post+CoreDataProperties.swift */; };
		A4F52E1229F1305700479075 /* Artist+CoreDataClass.swift in Sources */ = {isa = PBXBuildFile; fileRef = A4F52E0A29F1305700479075 /* Artist+CoreDataClass.swift */; };
		A4F52E1329F1305700479075 /* Artist+CoreDataProperties.swift in Sources */ = {isa = PBXBuildFile; fileRef = A4F52E0B29F1305700479075 /* Artist+CoreDataProperties.swift */; };
		A4F52E1429F1305700479075 /* Release+CoreDataClass.swift in Sources */ = {isa = PBXBuildFile; fileRef = A4F52E0C29F1305700479075 /* Release+CoreDataClass.swift */; };
		A4F52E1529F1305700479075 /* Release+CoreDataProperties.swift in Sources */ = {isa = PBXBuildFile; fileRef = A4F52E0D29F1305700479075 /* Release+CoreDataProperties.swift */; };
		A4F52E1829F130CB00479075 /* CoreDataHelpers.swift in Sources */ = {isa = PBXBuildFile; fileRef = A4F52E1729F130CB00479075 /* CoreDataHelpers.swift */; };
		A4F52E1B29F14AA800479075 /* DefaultSettings.swift in Sources */ = {isa = PBXBuildFile; fileRef = A4F52E1A29F14AA800479075 /* DefaultSettings.swift */; };
/* End PBXBuildFile section */

/* Begin PBXFileReference section */
		A406919629DC3BB900419916 /* StreamManager.swift */ = {isa = PBXFileReference; lastKnownFileType = sourcecode.swift; path = StreamManager.swift; sourceTree = "<group>"; };
		A406919829DC57EA00419916 /* InternetConnectionChecker.swift */ = {isa = PBXFileReference; lastKnownFileType = sourcecode.swift; path = InternetConnectionChecker.swift; sourceTree = "<group>"; };
		A4075E0729CC4BA0007D3B5F /* AudioManager.swift */ = {isa = PBXFileReference; lastKnownFileType = sourcecode.swift; path = AudioManager.swift; sourceTree = "<group>"; };
		A415732E29C0C0B300E51DE0 /* AvatarImageView.swift */ = {isa = PBXFileReference; lastKnownFileType = sourcecode.swift; path = AvatarImageView.swift; sourceTree = "<group>"; };
		A415733029C0E00800E51DE0 /* ScrollViewWrapper.swift */ = {isa = PBXFileReference; lastKnownFileType = sourcecode.swift; path = ScrollViewWrapper.swift; sourceTree = "<group>"; };
		A415733429C1FDB400E51DE0 /* ArtistModelData.swift */ = {isa = PBXFileReference; lastKnownFileType = sourcecode.swift; path = ArtistModelData.swift; sourceTree = "<group>"; };
		A415733729C2017100E51DE0 /* PostRow.swift */ = {isa = PBXFileReference; lastKnownFileType = sourcecode.swift; path = PostRow.swift; sourceTree = "<group>"; };
		A415733929C23A3D00E51DE0 /* PostList.swift */ = {isa = PBXFileReference; lastKnownFileType = sourcecode.swift; path = PostList.swift; sourceTree = "<group>"; };
		A415733B29C23D6000E51DE0 /* PostDetail.swift */ = {isa = PBXFileReference; lastKnownFileType = sourcecode.swift; path = PostDetail.swift; sourceTree = "<group>"; };
		A415734129C623B400E51DE0 /* ReleaseHome.swift */ = {isa = PBXFileReference; lastKnownFileType = sourcecode.swift; path = ReleaseHome.swift; sourceTree = "<group>"; };
		A415734329C62C1E00E51DE0 /* ReleaseRow.swift */ = {isa = PBXFileReference; lastKnownFileType = sourcecode.swift; path = ReleaseRow.swift; sourceTree = "<group>"; };
		A415734529C7575600E51DE0 /* ReleaseItem.swift */ = {isa = PBXFileReference; lastKnownFileType = sourcecode.swift; path = ReleaseItem.swift; sourceTree = "<group>"; };
		A415734729C840B700E51DE0 /* ReleaseDetail.swift */ = {isa = PBXFileReference; lastKnownFileType = sourcecode.swift; path = ReleaseDetail.swift; sourceTree = "<group>"; };
		A415734929C8443100E51DE0 /* TrackRow.swift */ = {isa = PBXFileReference; lastKnownFileType = sourcecode.swift; path = TrackRow.swift; sourceTree = "<group>"; };
		A415734C29C85D1100E51DE0 /* FieldSeparator.swift */ = {isa = PBXFileReference; lastKnownFileType = sourcecode.swift; path = FieldSeparator.swift; sourceTree = "<group>"; };
		A415B98729E2EBDE00892364 /* Artist.xcdatamodel */ = {isa = PBXFileReference; lastKnownFileType = wrapper.xcdatamodel; path = Artist.xcdatamodel; sourceTree = "<group>"; };
		A42000ED29F18435004BF854 /* artistsData003.json */ = {isa = PBXFileReference; fileEncoding = 4; lastKnownFileType = text.json; path = artistsData003.json; sourceTree = "<group>"; };
		A4250E7D29DF3B0C002927A8 /* TrackDownloader.swift */ = {isa = PBXFileReference; lastKnownFileType = sourcecode.swift; path = TrackDownloader.swift; sourceTree = "<group>"; };
		A4ABB4FA29E443790010EC5A /* Persistence.swift */ = {isa = PBXFileReference; lastKnownFileType = sourcecode.swift; path = Persistence.swift; sourceTree = "<group>"; };
		A4ABB4FE29E5AB060010EC5A /* artistsData002.json */ = {isa = PBXFileReference; fileEncoding = 4; lastKnownFileType = text.json; path = artistsData002.json; sourceTree = "<group>"; };
		A4ABB50229E71A720010EC5A /* CoreDataManager.swift */ = {isa = PBXFileReference; lastKnownFileType = sourcecode.swift; path = CoreDataManager.swift; sourceTree = "<group>"; };
		A4AC003F29D5F49300450ACE /* AudioPlayerPlayButton.swift */ = {isa = PBXFileReference; lastKnownFileType = sourcecode.swift; path = AudioPlayerPlayButton.swift; sourceTree = "<group>"; };
		A4B6260929B76B7E00BCD739 /* Artist.app */ = {isa = PBXFileReference; explicitFileType = wrapper.application; includeInIndex = 0; path = Artist.app; sourceTree = BUILT_PRODUCTS_DIR; };
		A4B6260C29B76B7E00BCD739 /* ArtistApp.swift */ = {isa = PBXFileReference; lastKnownFileType = sourcecode.swift; path = ArtistApp.swift; sourceTree = "<group>"; };
		A4B6260E29B76B7E00BCD739 /* ContentView.swift */ = {isa = PBXFileReference; lastKnownFileType = sourcecode.swift; path = ContentView.swift; sourceTree = "<group>"; };
		A4B6261029B76B8000BCD739 /* Assets.xcassets */ = {isa = PBXFileReference; lastKnownFileType = folder.assetcatalog; path = Assets.xcassets; sourceTree = "<group>"; };
		A4B6261329B76B8000BCD739 /* Preview Assets.xcassets */ = {isa = PBXFileReference; lastKnownFileType = folder.assetcatalog; path = "Preview Assets.xcassets"; sourceTree = "<group>"; };
		A4B6261A29B76D9400BCD739 /* Helvetica.ttc */ = {isa = PBXFileReference; lastKnownFileType = file; path = Helvetica.ttc; sourceTree = "<group>"; };
		A4B6261D29B76ED800BCD739 /* Info.plist */ = {isa = PBXFileReference; lastKnownFileType = text.plist; path = Info.plist; sourceTree = "<group>"; };
		A4B6261E29B770AA00BCD739 /* Fonts.swift */ = {isa = PBXFileReference; lastKnownFileType = sourcecode.swift; path = Fonts.swift; sourceTree = "<group>"; };
		A4B6262029B77B3000BCD739 /* Colors.swift */ = {isa = PBXFileReference; lastKnownFileType = sourcecode.swift; path = Colors.swift; sourceTree = "<group>"; };
		A4B6262229B7815000BCD739 /* WelcomeView.swift */ = {isa = PBXFileReference; lastKnownFileType = sourcecode.swift; path = WelcomeView.swift; sourceTree = "<group>"; };
		A4B6262729B7B07600BCD739 /* SignInView.swift */ = {isa = PBXFileReference; lastKnownFileType = sourcecode.swift; path = SignInView.swift; sourceTree = "<group>"; };
		A4B6262929B7B0D500BCD739 /* LoginView.swift */ = {isa = PBXFileReference; lastKnownFileType = sourcecode.swift; path = LoginView.swift; sourceTree = "<group>"; };
		A4B6262B29B7B11D00BCD739 /* OnboardingView.swift */ = {isa = PBXFileReference; lastKnownFileType = sourcecode.swift; path = OnboardingView.swift; sourceTree = "<group>"; };
		A4B6262D29B9F18500BCD739 /* TextFielder.swift */ = {isa = PBXFileReference; lastKnownFileType = sourcecode.swift; path = TextFielder.swift; sourceTree = "<group>"; };
		A4B6263129BA158C00BCD739 /* toDo.rtf */ = {isa = PBXFileReference; lastKnownFileType = text.rtf; path = toDo.rtf; sourceTree = "<group>"; };
		A4B6263329BA568600BCD739 /* ArtistView.swift */ = {isa = PBXFileReference; lastKnownFileType = sourcecode.swift; path = ArtistView.swift; sourceTree = "<group>"; };
		A4B6263529BB325F00BCD739 /* StatsView.swift */ = {isa = PBXFileReference; lastKnownFileType = sourcecode.swift; path = StatsView.swift; sourceTree = "<group>"; };
		A4B6263729BB32AB00BCD739 /* EditView.swift */ = {isa = PBXFileReference; lastKnownFileType = sourcecode.swift; path = EditView.swift; sourceTree = "<group>"; };
		A4B6263C29BB3FE300BCD739 /* StringExtention.swift */ = {isa = PBXFileReference; lastKnownFileType = sourcecode.swift; path = StringExtention.swift; sourceTree = "<group>"; };
		A4B6263F29BB405800BCD739 /* en */ = {isa = PBXFileReference; lastKnownFileType = text.plist.strings; name = en; path = en.lproj/Localizable.strings; sourceTree = "<group>"; };
		A4B6264129BB405E00BCD739 /* ru */ = {isa = PBXFileReference; lastKnownFileType = text.plist.strings; name = ru; path = ru.lproj/Localizable.strings; sourceTree = "<group>"; };
		A4B6264529BB430100BCD739 /* en */ = {isa = PBXFileReference; lastKnownFileType = text.plist.strings; name = en; path = en.lproj/InfoPlist.strings; sourceTree = "<group>"; };
		A4B6264729BB430600BCD739 /* ru */ = {isa = PBXFileReference; lastKnownFileType = text.plist.strings; name = ru; path = ru.lproj/InfoPlist.strings; sourceTree = "<group>"; };
		A4C15A4D29CAD74F00914568 /* Profile.swift */ = {isa = PBXFileReference; lastKnownFileType = sourcecode.swift; path = Profile.swift; sourceTree = "<group>"; };
		A4C15A5029CAD80400914568 /* ProfileHost.swift */ = {isa = PBXFileReference; lastKnownFileType = sourcecode.swift; path = ProfileHost.swift; sourceTree = "<group>"; };
		A4C15A5329CAD90D00914568 /* ProfileSummary.swift */ = {isa = PBXFileReference; lastKnownFileType = sourcecode.swift; path = ProfileSummary.swift; sourceTree = "<group>"; };
		A4C15A5529CAE05A00914568 /* ProfileButton.swift */ = {isa = PBXFileReference; lastKnownFileType = sourcecode.swift; path = ProfileButton.swift; sourceTree = "<group>"; };
		A4C15A5729CB138300914568 /* ProfileEditor.swift */ = {isa = PBXFileReference; lastKnownFileType = sourcecode.swift; path = ProfileEditor.swift; sourceTree = "<group>"; };
		A4C15A5929CB4AC700914568 /* AudioPlayerView.swift */ = {isa = PBXFileReference; lastKnownFileType = sourcecode.swift; path = AudioPlayerView.swift; sourceTree = "<group>"; };
		A4CBA2FF29CA052600DC5CBD /* AdaptsToKeyboard.swift */ = {isa = PBXFileReference; lastKnownFileType = sourcecode.swift; path = AdaptsToKeyboard.swift; sourceTree = "<group>"; };
		A4CBA30229CA126000DC5CBD /* SigninGreeting.swift */ = {isa = PBXFileReference; lastKnownFileType = sourcecode.swift; path = SigninGreeting.swift; sourceTree = "<group>"; };
		A4F52E0629F1305700479075 /* Track+CoreDataClass.swift */ = {isa = PBXFileReference; lastKnownFileType = sourcecode.swift; path = "Track+CoreDataClass.swift"; sourceTree = "<group>"; };
		A4F52E0729F1305700479075 /* Track+CoreDataProperties.swift */ = {isa = PBXFileReference; lastKnownFileType = sourcecode.swift; path = "Track+CoreDataProperties.swift"; sourceTree = "<group>"; };
		A4F52E0829F1305700479075 /* Post+CoreDataClass.swift */ = {isa = PBXFileReference; lastKnownFileType = sourcecode.swift; path = "Post+CoreDataClass.swift"; sourceTree = "<group>"; };
		A4F52E0929F1305700479075 /* Post+CoreDataProperties.swift */ = {isa = PBXFileReference; lastKnownFileType = sourcecode.swift; path = "Post+CoreDataProperties.swift"; sourceTree = "<group>"; };
		A4F52E0A29F1305700479075 /* Artist+CoreDataClass.swift */ = {isa = PBXFileReference; lastKnownFileType = sourcecode.swift; path = "Artist+CoreDataClass.swift"; sourceTree = "<group>"; };
		A4F52E0B29F1305700479075 /* Artist+CoreDataProperties.swift */ = {isa = PBXFileReference; lastKnownFileType = sourcecode.swift; path = "Artist+CoreDataProperties.swift"; sourceTree = "<group>"; };
		A4F52E0C29F1305700479075 /* Release+CoreDataClass.swift */ = {isa = PBXFileReference; lastKnownFileType = sourcecode.swift; path = "Release+CoreDataClass.swift"; sourceTree = "<group>"; };
		A4F52E0D29F1305700479075 /* Release+CoreDataProperties.swift */ = {isa = PBXFileReference; lastKnownFileType = sourcecode.swift; path = "Release+CoreDataProperties.swift"; sourceTree = "<group>"; };
		A4F52E1729F130CB00479075 /* CoreDataHelpers.swift */ = {isa = PBXFileReference; lastKnownFileType = sourcecode.swift; path = CoreDataHelpers.swift; sourceTree = "<group>"; };
		A4F52E1A29F14AA800479075 /* DefaultSettings.swift */ = {isa = PBXFileReference; lastKnownFileType = sourcecode.swift; path = DefaultSettings.swift; sourceTree = "<group>"; };
/* End PBXFileReference section */

/* Begin PBXFrameworksBuildPhase section */
		A4B6260629B76B7E00BCD739 /* Frameworks */ = {
			isa = PBXFrameworksBuildPhase;
			buildActionMask = 2147483647;
			files = (
				A4B6264F29BCD3EB00BCD739 /* KeychainAccess in Frameworks */,
			);
			runOnlyForDeploymentPostprocessing = 0;
		};
/* End PBXFrameworksBuildPhase section */

/* Begin PBXGroup section */
		A4075E0629CC4B72007D3B5F /* AudioPlayer */ = {
			isa = PBXGroup;
			children = (
				A4AC003F29D5F49300450ACE /* AudioPlayerPlayButton.swift */,
				A4C15A5929CB4AC700914568 /* AudioPlayerView.swift */,
				A44F599329DED88B00E2D3F0 /* PlayerManager */,
			);
			path = AudioPlayer;
			sourceTree = "<group>";
		};
		A415732D29C0C08D00E51DE0 /* Artist */ = {
			isa = PBXGroup;
			children = (
				A4B6263329BA568600BCD739 /* ArtistView.swift */,
				A415733F29C4D94D00E51DE0 /* ArtistViewHelpers */,
				A415734029C6239700E51DE0 /* Post */,
				A415734B29C8538900E51DE0 /* Release */,
				A4C15A4F29CAD7E800914568 /* Profile */,
			);
			path = Artist;
			sourceTree = "<group>";
		};
		A415733629C1FE8D00E51DE0 /* Models */ = {
			isa = PBXGroup;
			children = (
				A4C15A4D29CAD74F00914568 /* Profile.swift */,
				A415733429C1FDB400E51DE0 /* ArtistModelData.swift */,
			);
			path = Models;
			sourceTree = "<group>";
		};
		A415733F29C4D94D00E51DE0 /* ArtistViewHelpers */ = {
			isa = PBXGroup;
			children = (
				A415733029C0E00800E51DE0 /* ScrollViewWrapper.swift */,
				A415732E29C0C0B300E51DE0 /* AvatarImageView.swift */,
				A415734C29C85D1100E51DE0 /* FieldSeparator.swift */,
				A4C15A5529CAE05A00914568 /* ProfileButton.swift */,
			);
			path = ArtistViewHelpers;
			sourceTree = "<group>";
		};
		A415734029C6239700E51DE0 /* Post */ = {
			isa = PBXGroup;
			children = (
				A415733929C23A3D00E51DE0 /* PostList.swift */,
				A415733729C2017100E51DE0 /* PostRow.swift */,
				A415733B29C23D6000E51DE0 /* PostDetail.swift */,
			);
			path = Post;
			sourceTree = "<group>";
		};
		A415734B29C8538900E51DE0 /* Release */ = {
			isa = PBXGroup;
			children = (
				A415734329C62C1E00E51DE0 /* ReleaseRow.swift */,
				A415734129C623B400E51DE0 /* ReleaseHome.swift */,
				A415734529C7575600E51DE0 /* ReleaseItem.swift */,
				A415734729C840B700E51DE0 /* ReleaseDetail.swift */,
				A415734929C8443100E51DE0 /* TrackRow.swift */,
			);
			path = Release;
			sourceTree = "<group>";
		};
		A415B98929E2EBE600892364 /* CoreData */ = {
			isa = PBXGroup;
			children = (
				A4F52E1629F1308100479075 /* CoreDataClasses */,
				A415B98629E2EBDE00892364 /* Artist.xcdatamodeld */,
				A4ABB4FA29E443790010EC5A /* Persistence.swift */,
				A4ABB50229E71A720010EC5A /* CoreDataManager.swift */,
			);
			path = CoreData;
			sourceTree = "<group>";
		};
		A434043E29C0890700E91CB4 /* Resources */ = {
			isa = PBXGroup;
			children = (
				A4ABB4FE29E5AB060010EC5A /* artistsData002.json */,
				A42000ED29F18435004BF854 /* artistsData003.json */,
			);
			path = Resources;
			sourceTree = "<group>";
		};
		A44F599329DED88B00E2D3F0 /* PlayerManager */ = {
			isa = PBXGroup;
			children = (
				A406919829DC57EA00419916 /* InternetConnectionChecker.swift */,
				A4250E7D29DF3B0C002927A8 /* TrackDownloader.swift */,
				A406919629DC3BB900419916 /* StreamManager.swift */,
				A4075E0729CC4BA0007D3B5F /* AudioManager.swift */,
			);
			path = PlayerManager;
			sourceTree = "<group>";
		};
		A4B6260029B76B7E00BCD739 = {
			isa = PBXGroup;
			children = (
				A4B6260B29B76B7E00BCD739 /* Artist */,
				A4B6260A29B76B7E00BCD739 /* Products */,
			);
			sourceTree = "<group>";
		};
		A4B6260A29B76B7E00BCD739 /* Products */ = {
			isa = PBXGroup;
			children = (
				A4B6260929B76B7E00BCD739 /* Artist.app */,
			);
			name = Products;
			sourceTree = "<group>";
		};
		A4B6260B29B76B7E00BCD739 /* Artist */ = {
			isa = PBXGroup;
			children = (
				A4B6263129BA158C00BCD739 /* toDo.rtf */,
				A4B6262D29B9F18500BCD739 /* TextFielder.swift */,
				A4B6261C29B76D9F00BCD739 /* Fonts, Colors */,
				A4B6263B29BB3FAC00BCD739 /* Localization */,
				A4B6261D29B76ED800BCD739 /* Info.plist */,
				A4B6260C29B76B7E00BCD739 /* ArtistApp.swift */,
				A4B6260E29B76B7E00BCD739 /* ContentView.swift */,
				A4B6261029B76B8000BCD739 /* Assets.xcassets */,
				A4F52E1929F14A5700479075 /* Views */,
				A4075E0629CC4B72007D3B5F /* AudioPlayer */,
				A434043E29C0890700E91CB4 /* Resources */,
				A415733629C1FE8D00E51DE0 /* Models */,
				A415B98929E2EBE600892364 /* CoreData */,
				A4B6261229B76B8000BCD739 /* Preview Content */,
				A4F52E1A29F14AA800479075 /* DefaultSettings.swift */,
			);
			path = Artist;
			sourceTree = "<group>";
		};
		A4B6261229B76B8000BCD739 /* Preview Content */ = {
			isa = PBXGroup;
			children = (
				A4B6261329B76B8000BCD739 /* Preview Assets.xcassets */,
			);
			path = "Preview Content";
			sourceTree = "<group>";
		};
		A4B6261C29B76D9F00BCD739 /* Fonts, Colors */ = {
			isa = PBXGroup;
			children = (
				A4B6261A29B76D9400BCD739 /* Helvetica.ttc */,
				A4B6261E29B770AA00BCD739 /* Fonts.swift */,
				A4B6262029B77B3000BCD739 /* Colors.swift */,
			);
			path = "Fonts, Colors";
			sourceTree = "<group>";
		};
		A4B6262629B7843C00BCD739 /* Onboarding */ = {
			isa = PBXGroup;
			children = (
				A4CBA2FE29CA04F900DC5CBD /* Helpers */,
				A4CBA30129CA11D900DC5CBD /* SignIn */,
				A4CBA2FD29C9F62800DC5CBD /* Login */,
				A4B6262229B7815000BCD739 /* WelcomeView.swift */,
				A4B6262B29B7B11D00BCD739 /* OnboardingView.swift */,
			);
			path = Onboarding;
			sourceTree = "<group>";
		};
		A4B6263B29BB3FAC00BCD739 /* Localization */ = {
			isa = PBXGroup;
			children = (
				A4B6264029BB405800BCD739 /* Localizable.strings */,
				A4B6264629BB430100BCD739 /* InfoPlist.strings */,
				A4B6263C29BB3FE300BCD739 /* StringExtention.swift */,
			);
			path = Localization;
			sourceTree = "<group>";
		};
		A4C15A4F29CAD7E800914568 /* Profile */ = {
			isa = PBXGroup;
			children = (
				A4C15A5029CAD80400914568 /* ProfileHost.swift */,
				A4C15A5729CB138300914568 /* ProfileEditor.swift */,
				A4C15A5329CAD90D00914568 /* ProfileSummary.swift */,
			);
			path = Profile;
			sourceTree = "<group>";
		};
		A4CBA2FD29C9F62800DC5CBD /* Login */ = {
			isa = PBXGroup;
			children = (
				A4B6262929B7B0D500BCD739 /* LoginView.swift */,
			);
			path = Login;
			sourceTree = "<group>";
		};
		A4CBA2FE29CA04F900DC5CBD /* Helpers */ = {
			isa = PBXGroup;
			children = (
				A4CBA2FF29CA052600DC5CBD /* AdaptsToKeyboard.swift */,
			);
			path = Helpers;
			sourceTree = "<group>";
		};
		A4CBA30129CA11D900DC5CBD /* SignIn */ = {
			isa = PBXGroup;
			children = (
				A4B6262729B7B07600BCD739 /* SignInView.swift */,
				A4CBA30229CA126000DC5CBD /* SigninGreeting.swift */,
			);
			path = SignIn;
			sourceTree = "<group>";
		};
		A4F52E1629F1308100479075 /* CoreDataClasses */ = {
			isa = PBXGroup;
			children = (
				A4F52E0A29F1305700479075 /* Artist+CoreDataClass.swift */,
				A4F52E0B29F1305700479075 /* Artist+CoreDataProperties.swift */,
				A4F52E0C29F1305700479075 /* Release+CoreDataClass.swift */,
				A4F52E0D29F1305700479075 /* Release+CoreDataProperties.swift */,
				A4F52E0629F1305700479075 /* Track+CoreDataClass.swift */,
				A4F52E0729F1305700479075 /* Track+CoreDataProperties.swift */,
				A4F52E0829F1305700479075 /* Post+CoreDataClass.swift */,
				A4F52E0929F1305700479075 /* Post+CoreDataProperties.swift */,
				A4F52E1729F130CB00479075 /* CoreDataHelpers.swift */,
			);
			path = CoreDataClasses;
			sourceTree = "<group>";
		};
		A4F52E1929F14A5700479075 /* Views */ = {
			isa = PBXGroup;
			children = (
				A4B6262629B7843C00BCD739 /* Onboarding */,
				A415732D29C0C08D00E51DE0 /* Artist */,
				A4B6263529BB325F00BCD739 /* StatsView.swift */,
				A4B6263729BB32AB00BCD739 /* EditView.swift */,
			);
			path = Views;
			sourceTree = "<group>";
		};
/* End PBXGroup section */

/* Begin PBXNativeTarget section */
		A4B6260829B76B7E00BCD739 /* Artist */ = {
			isa = PBXNativeTarget;
			buildConfigurationList = A4B6261729B76B8000BCD739 /* Build configuration list for PBXNativeTarget "Artist" */;
			buildPhases = (
				A4B6260529B76B7E00BCD739 /* Sources */,
				A4B6260629B76B7E00BCD739 /* Frameworks */,
				A4B6260729B76B7E00BCD739 /* Resources */,
			);
			buildRules = (
			);
			dependencies = (
			);
			name = Artist;
			packageProductDependencies = (
				A4B6264E29BCD3EB00BCD739 /* KeychainAccess */,
			);
			productName = Artist;
			productReference = A4B6260929B76B7E00BCD739 /* Artist.app */;
			productType = "com.apple.product-type.application";
		};
/* End PBXNativeTarget section */

/* Begin PBXProject section */
		A4B6260129B76B7E00BCD739 /* Project object */ = {
			isa = PBXProject;
			attributes = {
				BuildIndependentTargetsInParallel = 1;
				LastSwiftUpdateCheck = 1420;
				LastUpgradeCheck = 1420;
				TargetAttributes = {
					A4B6260829B76B7E00BCD739 = {
						CreatedOnToolsVersion = 14.2;
					};
				};
			};
			buildConfigurationList = A4B6260429B76B7E00BCD739 /* Build configuration list for PBXProject "Artist" */;
			compatibilityVersion = "Xcode 14.0";
			developmentRegion = en;
			hasScannedForEncodings = 0;
			knownRegions = (
				en,
				Base,
				ru,
			);
			mainGroup = A4B6260029B76B7E00BCD739;
			packageReferences = (
				A4B6264D29BCD3EB00BCD739 /* XCRemoteSwiftPackageReference "KeychainAccess" */,
			);
			productRefGroup = A4B6260A29B76B7E00BCD739 /* Products */;
			projectDirPath = "";
			projectRoot = "";
			targets = (
				A4B6260829B76B7E00BCD739 /* Artist */,
			);
		};
/* End PBXProject section */

/* Begin PBXResourcesBuildPhase section */
		A4B6260729B76B7E00BCD739 /* Resources */ = {
			isa = PBXResourcesBuildPhase;
			buildActionMask = 2147483647;
			files = (
				A4B6263E29BB405800BCD739 /* Localizable.strings in Resources */,
				A42000EE29F18435004BF854 /* artistsData003.json in Resources */,
				A4ABB4FF29E5AB060010EC5A /* artistsData002.json in Resources */,
				A4B6264429BB430100BCD739 /* InfoPlist.strings in Resources */,
				A4B6263229BA158C00BCD739 /* toDo.rtf in Resources */,
				A4B6261429B76B8000BCD739 /* Preview Assets.xcassets in Resources */,
				A4B6261129B76B8000BCD739 /* Assets.xcassets in Resources */,
				A4B6261B29B76D9400BCD739 /* Helvetica.ttc in Resources */,
			);
			runOnlyForDeploymentPostprocessing = 0;
		};
/* End PBXResourcesBuildPhase section */

/* Begin PBXSourcesBuildPhase section */
		A4B6260529B76B7E00BCD739 /* Sources */ = {
			isa = PBXSourcesBuildPhase;
			buildActionMask = 2147483647;
			files = (
				A4B6260F29B76B7E00BCD739 /* ContentView.swift in Sources */,
				A4C15A4E29CAD74F00914568 /* Profile.swift in Sources */,
				A4F52E1529F1305700479075 /* Release+CoreDataProperties.swift in Sources */,
				A4B6262129B77B3000BCD739 /* Colors.swift in Sources */,
				A4F52E1129F1305700479075 /* Post+CoreDataProperties.swift in Sources */,
				A4C15A5629CAE05A00914568 /* ProfileButton.swift in Sources */,
				A406919729DC3BB900419916 /* StreamManager.swift in Sources */,
				A4B6261F29B770AA00BCD739 /* Fonts.swift in Sources */,
				A4B6262C29B7B11D00BCD739 /* OnboardingView.swift in Sources */,
				A415733A29C23A3D00E51DE0 /* PostList.swift in Sources */,
				A4F52E1029F1305700479075 /* Post+CoreDataClass.swift in Sources */,
				A4ABB50329E71A720010EC5A /* CoreDataManager.swift in Sources */,
				A4250E7E29DF3B0C002927A8 /* TrackDownloader.swift in Sources */,
				A415734229C623B400E51DE0 /* ReleaseHome.swift in Sources */,
				A4B6263429BA568600BCD739 /* ArtistView.swift in Sources */,
				A4F52E1229F1305700479075 /* Artist+CoreDataClass.swift in Sources */,
				A4C15A5129CAD80400914568 /* ProfileHost.swift in Sources */,
				A415733829C2017100E51DE0 /* PostRow.swift in Sources */,
				A4075E0829CC4BA0007D3B5F /* AudioManager.swift in Sources */,
				A415B98829E2EBDE00892364 /* Artist.xcdatamodeld in Sources */,
				A4ABB4FB29E443790010EC5A /* Persistence.swift in Sources */,
				A4B6262329B7815000BCD739 /* WelcomeView.swift in Sources */,
				A415733C29C23D6000E51DE0 /* PostDetail.swift in Sources */,
				A4F52E1829F130CB00479075 /* CoreDataHelpers.swift in Sources */,
				A4C15A5A29CB4AC700914568 /* AudioPlayerView.swift in Sources */,
				A4C15A5829CB138300914568 /* ProfileEditor.swift in Sources */,
				A4B6263829BB32AB00BCD739 /* EditView.swift in Sources */,
				A4C15A5429CAD90D00914568 /* ProfileSummary.swift in Sources */,
				A415733529C1FDB400E51DE0 /* ArtistModelData.swift in Sources */,
				A4B6262A29B7B0D500BCD739 /* LoginView.swift in Sources */,
				A415733129C0E00800E51DE0 /* ScrollViewWrapper.swift in Sources */,
				A4F52E1429F1305700479075 /* Release+CoreDataClass.swift in Sources */,
				A415734829C840B700E51DE0 /* ReleaseDetail.swift in Sources */,
				A4F52E0E29F1305700479075 /* Track+CoreDataClass.swift in Sources */,
				A4CBA30329CA126000DC5CBD /* SigninGreeting.swift in Sources */,
				A4F52E1B29F14AA800479075 /* DefaultSettings.swift in Sources */,
				A4B6263D29BB3FE300BCD739 /* StringExtention.swift in Sources */,
				A415732F29C0C0B400E51DE0 /* AvatarImageView.swift in Sources */,
				A406919929DC57EA00419916 /* InternetConnectionChecker.swift in Sources */,
				A4B6262829B7B07600BCD739 /* SignInView.swift in Sources */,
				A415734429C62C1E00E51DE0 /* ReleaseRow.swift in Sources */,
				A4B6263629BB325F00BCD739 /* StatsView.swift in Sources */,
				A415734D29C85D1100E51DE0 /* FieldSeparator.swift in Sources */,
				A4CBA30029CA052600DC5CBD /* AdaptsToKeyboard.swift in Sources */,
				A4AC004029D5F49300450ACE /* AudioPlayerPlayButton.swift in Sources */,
				A4F52E0F29F1305700479075 /* Track+CoreDataProperties.swift in Sources */,
				A415734629C7575600E51DE0 /* ReleaseItem.swift in Sources */,
				A415734A29C8443100E51DE0 /* TrackRow.swift in Sources */,
				A4B6262E29B9F18500BCD739 /* TextFielder.swift in Sources */,
				A4F52E1329F1305700479075 /* Artist+CoreDataProperties.swift in Sources */,
				A4B6260D29B76B7E00BCD739 /* ArtistApp.swift in Sources */,
			);
			runOnlyForDeploymentPostprocessing = 0;
		};
/* End PBXSourcesBuildPhase section */

/* Begin PBXVariantGroup section */
		A4B6264029BB405800BCD739 /* Localizable.strings */ = {
			isa = PBXVariantGroup;
			children = (
				A4B6263F29BB405800BCD739 /* en */,
				A4B6264129BB405E00BCD739 /* ru */,
			);
			name = Localizable.strings;
			sourceTree = "<group>";
		};
		A4B6264629BB430100BCD739 /* InfoPlist.strings */ = {
			isa = PBXVariantGroup;
			children = (
				A4B6264529BB430100BCD739 /* en */,
				A4B6264729BB430600BCD739 /* ru */,
			);
			name = InfoPlist.strings;
			sourceTree = "<group>";
		};
/* End PBXVariantGroup section */

/* Begin XCBuildConfiguration section */
		A4B6261529B76B8000BCD739 /* Debug */ = {
			isa = XCBuildConfiguration;
			buildSettings = {
				ALWAYS_SEARCH_USER_PATHS = NO;
				CLANG_ANALYZER_NONNULL = YES;
				CLANG_ANALYZER_NUMBER_OBJECT_CONVERSION = YES_AGGRESSIVE;
				CLANG_CXX_LANGUAGE_STANDARD = "gnu++20";
				CLANG_ENABLE_MODULES = YES;
				CLANG_ENABLE_OBJC_ARC = YES;
				CLANG_ENABLE_OBJC_WEAK = YES;
				CLANG_WARN_BLOCK_CAPTURE_AUTORELEASING = YES;
				CLANG_WARN_BOOL_CONVERSION = YES;
				CLANG_WARN_COMMA = YES;
				CLANG_WARN_CONSTANT_CONVERSION = YES;
				CLANG_WARN_DEPRECATED_OBJC_IMPLEMENTATIONS = YES;
				CLANG_WARN_DIRECT_OBJC_ISA_USAGE = YES_ERROR;
				CLANG_WARN_DOCUMENTATION_COMMENTS = YES;
				CLANG_WARN_EMPTY_BODY = YES;
				CLANG_WARN_ENUM_CONVERSION = YES;
				CLANG_WARN_INFINITE_RECURSION = YES;
				CLANG_WARN_INT_CONVERSION = YES;
				CLANG_WARN_NON_LITERAL_NULL_CONVERSION = YES;
				CLANG_WARN_OBJC_IMPLICIT_RETAIN_SELF = YES;
				CLANG_WARN_OBJC_LITERAL_CONVERSION = YES;
				CLANG_WARN_OBJC_ROOT_CLASS = YES_ERROR;
				CLANG_WARN_QUOTED_INCLUDE_IN_FRAMEWORK_HEADER = YES;
				CLANG_WARN_RANGE_LOOP_ANALYSIS = YES;
				CLANG_WARN_STRICT_PROTOTYPES = YES;
				CLANG_WARN_SUSPICIOUS_MOVE = YES;
				CLANG_WARN_UNGUARDED_AVAILABILITY = YES_AGGRESSIVE;
				CLANG_WARN_UNREACHABLE_CODE = YES;
				CLANG_WARN__DUPLICATE_METHOD_MATCH = YES;
				COPY_PHASE_STRIP = NO;
				DEBUG_INFORMATION_FORMAT = dwarf;
				ENABLE_STRICT_OBJC_MSGSEND = YES;
				ENABLE_TESTABILITY = YES;
				GCC_C_LANGUAGE_STANDARD = gnu11;
				GCC_DYNAMIC_NO_PIC = NO;
				GCC_NO_COMMON_BLOCKS = YES;
				GCC_OPTIMIZATION_LEVEL = 0;
				GCC_PREPROCESSOR_DEFINITIONS = (
					"DEBUG=1",
					"$(inherited)",
				);
				GCC_WARN_64_TO_32_BIT_CONVERSION = YES;
				GCC_WARN_ABOUT_RETURN_TYPE = YES_ERROR;
				GCC_WARN_UNDECLARED_SELECTOR = YES;
				GCC_WARN_UNINITIALIZED_AUTOS = YES_AGGRESSIVE;
				GCC_WARN_UNUSED_FUNCTION = YES;
				GCC_WARN_UNUSED_VARIABLE = YES;
				IPHONEOS_DEPLOYMENT_TARGET = 16.2;
				MTL_ENABLE_DEBUG_INFO = INCLUDE_SOURCE;
				MTL_FAST_MATH = YES;
				ONLY_ACTIVE_ARCH = YES;
				SDKROOT = iphoneos;
				SWIFT_ACTIVE_COMPILATION_CONDITIONS = DEBUG;
				SWIFT_OPTIMIZATION_LEVEL = "-Onone";
			};
			name = Debug;
		};
		A4B6261629B76B8000BCD739 /* Release */ = {
			isa = XCBuildConfiguration;
			buildSettings = {
				ALWAYS_SEARCH_USER_PATHS = NO;
				CLANG_ANALYZER_NONNULL = YES;
				CLANG_ANALYZER_NUMBER_OBJECT_CONVERSION = YES_AGGRESSIVE;
				CLANG_CXX_LANGUAGE_STANDARD = "gnu++20";
				CLANG_ENABLE_MODULES = YES;
				CLANG_ENABLE_OBJC_ARC = YES;
				CLANG_ENABLE_OBJC_WEAK = YES;
				CLANG_WARN_BLOCK_CAPTURE_AUTORELEASING = YES;
				CLANG_WARN_BOOL_CONVERSION = YES;
				CLANG_WARN_COMMA = YES;
				CLANG_WARN_CONSTANT_CONVERSION = YES;
				CLANG_WARN_DEPRECATED_OBJC_IMPLEMENTATIONS = YES;
				CLANG_WARN_DIRECT_OBJC_ISA_USAGE = YES_ERROR;
				CLANG_WARN_DOCUMENTATION_COMMENTS = YES;
				CLANG_WARN_EMPTY_BODY = YES;
				CLANG_WARN_ENUM_CONVERSION = YES;
				CLANG_WARN_INFINITE_RECURSION = YES;
				CLANG_WARN_INT_CONVERSION = YES;
				CLANG_WARN_NON_LITERAL_NULL_CONVERSION = YES;
				CLANG_WARN_OBJC_IMPLICIT_RETAIN_SELF = YES;
				CLANG_WARN_OBJC_LITERAL_CONVERSION = YES;
				CLANG_WARN_OBJC_ROOT_CLASS = YES_ERROR;
				CLANG_WARN_QUOTED_INCLUDE_IN_FRAMEWORK_HEADER = YES;
				CLANG_WARN_RANGE_LOOP_ANALYSIS = YES;
				CLANG_WARN_STRICT_PROTOTYPES = YES;
				CLANG_WARN_SUSPICIOUS_MOVE = YES;
				CLANG_WARN_UNGUARDED_AVAILABILITY = YES_AGGRESSIVE;
				CLANG_WARN_UNREACHABLE_CODE = YES;
				CLANG_WARN__DUPLICATE_METHOD_MATCH = YES;
				COPY_PHASE_STRIP = NO;
				DEBUG_INFORMATION_FORMAT = "dwarf-with-dsym";
				ENABLE_NS_ASSERTIONS = NO;
				ENABLE_STRICT_OBJC_MSGSEND = YES;
				GCC_C_LANGUAGE_STANDARD = gnu11;
				GCC_NO_COMMON_BLOCKS = YES;
				GCC_WARN_64_TO_32_BIT_CONVERSION = YES;
				GCC_WARN_ABOUT_RETURN_TYPE = YES_ERROR;
				GCC_WARN_UNDECLARED_SELECTOR = YES;
				GCC_WARN_UNINITIALIZED_AUTOS = YES_AGGRESSIVE;
				GCC_WARN_UNUSED_FUNCTION = YES;
				GCC_WARN_UNUSED_VARIABLE = YES;
				IPHONEOS_DEPLOYMENT_TARGET = 16.2;
				MTL_ENABLE_DEBUG_INFO = NO;
				MTL_FAST_MATH = YES;
				SDKROOT = iphoneos;
				SWIFT_COMPILATION_MODE = wholemodule;
				SWIFT_OPTIMIZATION_LEVEL = "-O";
				VALIDATE_PRODUCT = YES;
			};
			name = Release;
		};
		A4B6261829B76B8000BCD739 /* Debug */ = {
			isa = XCBuildConfiguration;
			buildSettings = {
				ASSETCATALOG_COMPILER_APPICON_NAME = AppIcon;
				ASSETCATALOG_COMPILER_GLOBAL_ACCENT_COLOR_NAME = AccentColor;
				CODE_SIGN_STYLE = Automatic;
				CURRENT_PROJECT_VERSION = 1;
				DEVELOPMENT_ASSET_PATHS = "\"Artist/Preview Content\"";
				DEVELOPMENT_TEAM = DRZ83U4BJ3;
				ENABLE_PREVIEWS = YES;
				GENERATE_INFOPLIST_FILE = YES;
				INFOPLIST_FILE = Artist/Info.plist;
				INFOPLIST_KEY_NSFaceIDUsageDescription = "We use Face Id for better protection of your data ";
				INFOPLIST_KEY_UIApplicationSceneManifest_Generation = YES;
				INFOPLIST_KEY_UIApplicationSupportsIndirectInputEvents = YES;
				INFOPLIST_KEY_UILaunchScreen_Generation = YES;
				INFOPLIST_KEY_UISupportedInterfaceOrientations = "UIInterfaceOrientationLandscapeLeft UIInterfaceOrientationLandscapeRight UIInterfaceOrientationPortrait UIInterfaceOrientationPortraitUpsideDown";
				IPHONEOS_DEPLOYMENT_TARGET = 16.0;
				LD_RUNPATH_SEARCH_PATHS = (
					"$(inherited)",
					"@executable_path/Frameworks",
				);
				MARKETING_VERSION = 1.0;
				PRODUCT_BUNDLE_IDENTIFIER = Vlad.Artist;
				PRODUCT_NAME = "$(TARGET_NAME)";
				SWIFT_EMIT_LOC_STRINGS = YES;
				SWIFT_VERSION = 5.0;
				TARGETED_DEVICE_FAMILY = "1,2";
			};
			name = Debug;
		};
		A4B6261929B76B8000BCD739 /* Release */ = {
			isa = XCBuildConfiguration;
			buildSettings = {
				ASSETCATALOG_COMPILER_APPICON_NAME = AppIcon;
				ASSETCATALOG_COMPILER_GLOBAL_ACCENT_COLOR_NAME = AccentColor;
				CODE_SIGN_STYLE = Automatic;
				CURRENT_PROJECT_VERSION = 1;
				DEVELOPMENT_ASSET_PATHS = "\"Artist/Preview Content\"";
				DEVELOPMENT_TEAM = DRZ83U4BJ3;
				ENABLE_PREVIEWS = YES;
				GENERATE_INFOPLIST_FILE = YES;
				INFOPLIST_FILE = Artist/Info.plist;
				INFOPLIST_KEY_NSFaceIDUsageDescription = "We use Face Id for better protection of your data ";
				INFOPLIST_KEY_UIApplicationSceneManifest_Generation = YES;
				INFOPLIST_KEY_UIApplicationSupportsIndirectInputEvents = YES;
				INFOPLIST_KEY_UILaunchScreen_Generation = YES;
				INFOPLIST_KEY_UISupportedInterfaceOrientations = "UIInterfaceOrientationLandscapeLeft UIInterfaceOrientationLandscapeRight UIInterfaceOrientationPortrait UIInterfaceOrientationPortraitUpsideDown";
				IPHONEOS_DEPLOYMENT_TARGET = 16.0;
				LD_RUNPATH_SEARCH_PATHS = (
					"$(inherited)",
					"@executable_path/Frameworks",
				);
				MARKETING_VERSION = 1.0;
				PRODUCT_BUNDLE_IDENTIFIER = Vlad.Artist;
				PRODUCT_NAME = "$(TARGET_NAME)";
				SWIFT_EMIT_LOC_STRINGS = YES;
				SWIFT_VERSION = 5.0;
				TARGETED_DEVICE_FAMILY = "1,2";
			};
			name = Release;
		};
/* End XCBuildConfiguration section */

/* Begin XCConfigurationList section */
		A4B6260429B76B7E00BCD739 /* Build configuration list for PBXProject "Artist" */ = {
			isa = XCConfigurationList;
			buildConfigurations = (
				A4B6261529B76B8000BCD739 /* Debug */,
				A4B6261629B76B8000BCD739 /* Release */,
			);
			defaultConfigurationIsVisible = 0;
			defaultConfigurationName = Release;
		};
		A4B6261729B76B8000BCD739 /* Build configuration list for PBXNativeTarget "Artist" */ = {
			isa = XCConfigurationList;
			buildConfigurations = (
				A4B6261829B76B8000BCD739 /* Debug */,
				A4B6261929B76B8000BCD739 /* Release */,
			);
			defaultConfigurationIsVisible = 0;
			defaultConfigurationName = Release;
		};
/* End XCConfigurationList section */

/* Begin XCRemoteSwiftPackageReference section */
		A4B6264D29BCD3EB00BCD739 /* XCRemoteSwiftPackageReference "KeychainAccess" */ = {
			isa = XCRemoteSwiftPackageReference;
			repositoryURL = "https://github.com/kishikawakatsumi/KeychainAccess";
			requirement = {
				branch = master;
				kind = branch;
			};
		};
/* End XCRemoteSwiftPackageReference section */

/* Begin XCSwiftPackageProductDependency section */
		A4B6264E29BCD3EB00BCD739 /* KeychainAccess */ = {
			isa = XCSwiftPackageProductDependency;
			package = A4B6264D29BCD3EB00BCD739 /* XCRemoteSwiftPackageReference "KeychainAccess" */;
			productName = KeychainAccess;
		};
/* End XCSwiftPackageProductDependency section */

/* Begin XCVersionGroup section */
		A415B98629E2EBDE00892364 /* Artist.xcdatamodeld */ = {
			isa = XCVersionGroup;
			children = (
				A415B98729E2EBDE00892364 /* Artist.xcdatamodel */,
			);
			currentVersion = A415B98729E2EBDE00892364 /* Artist.xcdatamodel */;
			path = Artist.xcdatamodeld;
			sourceTree = "<group>";
			versionGroupType = wrapper.xcdatamodel;
		};
/* End XCVersionGroup section */
	};
	rootObject = A4B6260129B76B7E00BCD739 /* Project object */;
}
